// !$*UTF8*$!
{
	archiveVersion = 1;
	classes = {
	};
	objectVersion = 50;
	objects = {

/* Begin PBXBuildFile section */
		B33BC051258E4C3D00E88AB4 /* AppDelegate.swift in Sources */ = {isa = PBXBuildFile; fileRef = B33BC050258E4C3D00E88AB4 /* AppDelegate.swift */; };
		B33BC053258E4C3D00E88AB4 /* SceneDelegate.swift in Sources */ = {isa = PBXBuildFile; fileRef = B33BC052258E4C3D00E88AB4 /* SceneDelegate.swift */; };
		B33BC055258E4C3D00E88AB4 /* ViewController.swift in Sources */ = {isa = PBXBuildFile; fileRef = B33BC054258E4C3D00E88AB4 /* ViewController.swift */; };
		B33BC058258E4C3D00E88AB4 /* Main.storyboard in Resources */ = {isa = PBXBuildFile; fileRef = B33BC056258E4C3D00E88AB4 /* Main.storyboard */; };
		B33BC05A258E4C4000E88AB4 /* Assets.xcassets in Resources */ = {isa = PBXBuildFile; fileRef = B33BC059258E4C4000E88AB4 /* Assets.xcassets */; };
		B33BC05D258E4C4000E88AB4 /* LaunchScreen.storyboard in Resources */ = {isa = PBXBuildFile; fileRef = B33BC05B258E4C4000E88AB4 /* LaunchScreen.storyboard */; };
		B33BC068258E4C4100E88AB4 /* PassDataWithSegueTests.swift in Sources */ = {isa = PBXBuildFile; fileRef = B33BC067258E4C4100E88AB4 /* PassDataWithSegueTests.swift */; };
		B33BC073258E4C4100E88AB4 /* PassDataWithSegueUITests.swift in Sources */ = {isa = PBXBuildFile; fileRef = B33BC072258E4C4100E88AB4 /* PassDataWithSegueUITests.swift */; };
		B33BC084258E596B00E88AB4 /* DisplayResultViewController.swift in Sources */ = {isa = PBXBuildFile; fileRef = B33BC083258E596B00E88AB4 /* DisplayResultViewController.swift */; };
/* End PBXBuildFile section */

/* Begin PBXContainerItemProxy section */
		B33BC064258E4C4100E88AB4 /* PBXContainerItemProxy */ = {
			isa = PBXContainerItemProxy;
			containerPortal = B33BC045258E4C3D00E88AB4 /* Project object */;
			proxyType = 1;
			remoteGlobalIDString = B33BC04C258E4C3D00E88AB4;
			remoteInfo = PassDataWithSegue;
		};
		B33BC06F258E4C4100E88AB4 /* PBXContainerItemProxy */ = {
			isa = PBXContainerItemProxy;
			containerPortal = B33BC045258E4C3D00E88AB4 /* Project object */;
			proxyType = 1;
			remoteGlobalIDString = B33BC04C258E4C3D00E88AB4;
			remoteInfo = PassDataWithSegue;
		};
/* End PBXContainerItemProxy section */

/* Begin PBXFileReference section */
		B33BC04D258E4C3D00E88AB4 /* PassDataWithSegue.app */ = {isa = PBXFileReference; explicitFileType = wrapper.application; includeInIndex = 0; path = PassDataWithSegue.app; sourceTree = BUILT_PRODUCTS_DIR; };
		B33BC050258E4C3D00E88AB4 /* AppDelegate.swift */ = {isa = PBXFileReference; lastKnownFileType = sourcecode.swift; path = AppDelegate.swift; sourceTree = "<group>"; };
		B33BC052258E4C3D00E88AB4 /* SceneDelegate.swift */ = {isa = PBXFileReference; lastKnownFileType = sourcecode.swift; path = SceneDelegate.swift; sourceTree = "<group>"; };
		B33BC054258E4C3D00E88AB4 /* ViewController.swift */ = {isa = PBXFileReference; lastKnownFileType = sourcecode.swift; path = ViewController.swift; sourceTree = "<group>"; };
		B33BC057258E4C3D00E88AB4 /* Base */ = {isa = PBXFileReference; lastKnownFileType = file.storyboard; name = Base; path = Base.lproj/Main.storyboard; sourceTree = "<group>"; };
		B33BC059258E4C4000E88AB4 /* Assets.xcassets */ = {isa = PBXFileReference; lastKnownFileType = folder.assetcatalog; path = Assets.xcassets; sourceTree = "<group>"; };
		B33BC05C258E4C4000E88AB4 /* Base */ = {isa = PBXFileReference; lastKnownFileType = file.storyboard; name = Base; path = Base.lproj/LaunchScreen.storyboard; sourceTree = "<group>"; };
		B33BC05E258E4C4000E88AB4 /* Info.plist */ = {isa = PBXFileReference; lastKnownFileType = text.plist.xml; path = Info.plist; sourceTree = "<group>"; };
		B33BC063258E4C4100E88AB4 /* PassDataWithSegueTests.xctest */ = {isa = PBXFileReference; explicitFileType = wrapper.cfbundle; includeInIndex = 0; path = PassDataWithSegueTests.xctest; sourceTree = BUILT_PRODUCTS_DIR; };
		B33BC067258E4C4100E88AB4 /* PassDataWithSegueTests.swift */ = {isa = PBXFileReference; lastKnownFileType = sourcecode.swift; path = PassDataWithSegueTests.swift; sourceTree = "<group>"; };
		B33BC069258E4C4100E88AB4 /* Info.plist */ = {isa = PBXFileReference; lastKnownFileType = text.plist.xml; path = Info.plist; sourceTree = "<group>"; };
		B33BC06E258E4C4100E88AB4 /* PassDataWithSegueUITests.xctest */ = {isa = PBXFileReference; explicitFileType = wrapper.cfbundle; includeInIndex = 0; path = PassDataWithSegueUITests.xctest; sourceTree = BUILT_PRODUCTS_DIR; };
		B33BC072258E4C4100E88AB4 /* PassDataWithSegueUITests.swift */ = {isa = PBXFileReference; lastKnownFileType = sourcecode.swift; path = PassDataWithSegueUITests.swift; sourceTree = "<group>"; };
		B33BC074258E4C4100E88AB4 /* Info.plist */ = {isa = PBXFileReference; lastKnownFileType = text.plist.xml; path = Info.plist; sourceTree = "<group>"; };
		B33BC083258E596B00E88AB4 /* DisplayResultViewController.swift */ = {isa = PBXFileReference; lastKnownFileType = sourcecode.swift; path = DisplayResultViewController.swift; sourceTree = "<group>"; };
/* End PBXFileReference section */

/* Begin PBXFrameworksBuildPhase section */
		B33BC04A258E4C3D00E88AB4 /* Frameworks */ = {
			isa = PBXFrameworksBuildPhase;
			buildActionMask = 2147483647;
			files = (
			);
			runOnlyForDeploymentPostprocessing = 0;
		};
		B33BC060258E4C4100E88AB4 /* Frameworks */ = {
			isa = PBXFrameworksBuildPhase;
			buildActionMask = 2147483647;
			files = (
			);
			runOnlyForDeploymentPostprocessing = 0;
		};
		B33BC06B258E4C4100E88AB4 /* Frameworks */ = {
			isa = PBXFrameworksBuildPhase;
			buildActionMask = 2147483647;
			files = (
			);
			runOnlyForDeploymentPostprocessing = 0;
		};
/* End PBXFrameworksBuildPhase section */

/* Begin PBXGroup section */
		B33BC044258E4C3D00E88AB4 = {
			isa = PBXGroup;
			children = (
				B33BC04F258E4C3D00E88AB4 /* PassDataWithSegue */,
				B33BC066258E4C4100E88AB4 /* PassDataWithSegueTests */,
				B33BC071258E4C4100E88AB4 /* PassDataWithSegueUITests */,
				B33BC04E258E4C3D00E88AB4 /* Products */,
			);
			sourceTree = "<group>";
		};
		B33BC04E258E4C3D00E88AB4 /* Products */ = {
			isa = PBXGroup;
			children = (
				B33BC04D258E4C3D00E88AB4 /* PassDataWithSegue.app */,
				B33BC063258E4C4100E88AB4 /* PassDataWithSegueTests.xctest */,
				B33BC06E258E4C4100E88AB4 /* PassDataWithSegueUITests.xctest */,
			);
			name = Products;
			sourceTree = "<group>";
		};
		B33BC04F258E4C3D00E88AB4 /* PassDataWithSegue */ = {
			isa = PBXGroup;
			children = (
				B33BC050258E4C3D00E88AB4 /* AppDelegate.swift */,
				B33BC052258E4C3D00E88AB4 /* SceneDelegate.swift */,
				B33BC054258E4C3D00E88AB4 /* ViewController.swift */,
				B33BC056258E4C3D00E88AB4 /* Main.storyboard */,
				B33BC083258E596B00E88AB4 /* DisplayResultViewController.swift */,
				B33BC059258E4C4000E88AB4 /* Assets.xcassets */,
				B33BC05B258E4C4000E88AB4 /* LaunchScreen.storyboard */,
				B33BC05E258E4C4000E88AB4 /* Info.plist */,
			);
			path = PassDataWithSegue;
			sourceTree = "<group>";
		};
		B33BC066258E4C4100E88AB4 /* PassDataWithSegueTests */ = {
			isa = PBXGroup;
			children = (
				B33BC067258E4C4100E88AB4 /* PassDataWithSegueTests.swift */,
				B33BC069258E4C4100E88AB4 /* Info.plist */,
			);
			path = PassDataWithSegueTests;
			sourceTree = "<group>";
		};
		B33BC071258E4C4100E88AB4 /* PassDataWithSegueUITests */ = {
			isa = PBXGroup;
			children = (
				B33BC072258E4C4100E88AB4 /* PassDataWithSegueUITests.swift */,
				B33BC074258E4C4100E88AB4 /* Info.plist */,
			);
			path = PassDataWithSegueUITests;
			sourceTree = "<group>";
		};
/* End PBXGroup section */

/* Begin PBXNativeTarget section */
		B33BC04C258E4C3D00E88AB4 /* PassDataWithSegue */ = {
			isa = PBXNativeTarget;
			buildConfigurationList = B33BC077258E4C4100E88AB4 /* Build configuration list for PBXNativeTarget "PassDataWithSegue" */;
			buildPhases = (
				B33BC049258E4C3D00E88AB4 /* Sources */,
				B33BC04A258E4C3D00E88AB4 /* Frameworks */,
				B33BC04B258E4C3D00E88AB4 /* Resources */,
			);
			buildRules = (
			);
			dependencies = (
			);
			name = PassDataWithSegue;
			productName = PassDataWithSegue;
			productReference = B33BC04D258E4C3D00E88AB4 /* PassDataWithSegue.app */;
			productType = "com.apple.product-type.application";
		};
		B33BC062258E4C4100E88AB4 /* PassDataWithSegueTests */ = {
			isa = PBXNativeTarget;
			buildConfigurationList = B33BC07A258E4C4100E88AB4 /* Build configuration list for PBXNativeTarget "PassDataWithSegueTests" */;
			buildPhases = (
				B33BC05F258E4C4100E88AB4 /* Sources */,
				B33BC060258E4C4100E88AB4 /* Frameworks */,
				B33BC061258E4C4100E88AB4 /* Resources */,
			);
			buildRules = (
			);
			dependencies = (
				B33BC065258E4C4100E88AB4 /* PBXTargetDependency */,
			);
			name = PassDataWithSegueTests;
			productName = PassDataWithSegueTests;
			productReference = B33BC063258E4C4100E88AB4 /* PassDataWithSegueTests.xctest */;
			productType = "com.apple.product-type.bundle.unit-test";
		};
		B33BC06D258E4C4100E88AB4 /* PassDataWithSegueUITests */ = {
			isa = PBXNativeTarget;
			buildConfigurationList = B33BC07D258E4C4100E88AB4 /* Build configuration list for PBXNativeTarget "PassDataWithSegueUITests" */;
			buildPhases = (
				B33BC06A258E4C4100E88AB4 /* Sources */,
				B33BC06B258E4C4100E88AB4 /* Frameworks */,
				B33BC06C258E4C4100E88AB4 /* Resources */,
			);
			buildRules = (
			);
			dependencies = (
				B33BC070258E4C4100E88AB4 /* PBXTargetDependency */,
			);
			name = PassDataWithSegueUITests;
			productName = PassDataWithSegueUITests;
			productReference = B33BC06E258E4C4100E88AB4 /* PassDataWithSegueUITests.xctest */;
			productType = "com.apple.product-type.bundle.ui-testing";
		};
/* End PBXNativeTarget section */

/* Begin PBXProject section */
		B33BC045258E4C3D00E88AB4 /* Project object */ = {
			isa = PBXProject;
			attributes = {
				LastSwiftUpdateCheck = 1220;
				LastUpgradeCheck = 1220;
				TargetAttributes = {
					B33BC04C258E4C3D00E88AB4 = {
						CreatedOnToolsVersion = 12.2;
					};
					B33BC062258E4C4100E88AB4 = {
						CreatedOnToolsVersion = 12.2;
						TestTargetID = B33BC04C258E4C3D00E88AB4;
					};
					B33BC06D258E4C4100E88AB4 = {
						CreatedOnToolsVersion = 12.2;
						TestTargetID = B33BC04C258E4C3D00E88AB4;
					};
				};
			};
			buildConfigurationList = B33BC048258E4C3D00E88AB4 /* Build configuration list for PBXProject "PassDataWithSegue" */;
			compatibilityVersion = "Xcode 9.3";
			developmentRegion = en;
			hasScannedForEncodings = 0;
			knownRegions = (
				en,
				Base,
			);
			mainGroup = B33BC044258E4C3D00E88AB4;
			productRefGroup = B33BC04E258E4C3D00E88AB4 /* Products */;
			projectDirPath = "";
			projectRoot = "";
			targets = (
				B33BC04C258E4C3D00E88AB4 /* PassDataWithSegue */,
				B33BC062258E4C4100E88AB4 /* PassDataWithSegueTests */,
				B33BC06D258E4C4100E88AB4 /* PassDataWithSegueUITests */,
			);
		};
/* End PBXProject section */

/* Begin PBXResourcesBuildPhase section */
		B33BC04B258E4C3D00E88AB4 /* Resources */ = {
			isa = PBXResourcesBuildPhase;
			buildActionMask = 2147483647;
			files = (
				B33BC05D258E4C4000E88AB4 /* LaunchScreen.storyboard in Resources */,
				B33BC05A258E4C4000E88AB4 /* Assets.xcassets in Resources */,
				B33BC058258E4C3D00E88AB4 /* Main.storyboard in Resources */,
			);
			runOnlyForDeploymentPostprocessing = 0;
		};
		B33BC061258E4C4100E88AB4 /* Resources */ = {
			isa = PBXResourcesBuildPhase;
			buildActionMask = 2147483647;
			files = (
			);
			runOnlyForDeploymentPostprocessing = 0;
		};
		B33BC06C258E4C4100E88AB4 /* Resources */ = {
			isa = PBXResourcesBuildPhase;
			buildActionMask = 2147483647;
			files = (
			);
			runOnlyForDeploymentPostprocessing = 0;
		};
/* End PBXResourcesBuildPhase section */

/* Begin PBXSourcesBuildPhase section */
		B33BC049258E4C3D00E88AB4 /* Sources */ = {
			isa = PBXSourcesBuildPhase;
			buildActionMask = 2147483647;
			files = (
				B33BC084258E596B00E88AB4 /* DisplayResultViewController.swift in Sources */,
				B33BC055258E4C3D00E88AB4 /* ViewController.swift in Sources */,
				B33BC051258E4C3D00E88AB4 /* AppDelegate.swift in Sources */,
				B33BC053258E4C3D00E88AB4 /* SceneDelegate.swift in Sources */,
			);
			runOnlyForDeploymentPostprocessing = 0;
		};
		B33BC05F258E4C4100E88AB4 /* Sources */ = {
			isa = PBXSourcesBuildPhase;
			buildActionMask = 2147483647;
			files = (
				B33BC068258E4C4100E88AB4 /* PassDataWithSegueTests.swift in Sources */,
			);
			runOnlyForDeploymentPostprocessing = 0;
		};
		B33BC06A258E4C4100E88AB4 /* Sources */ = {
			isa = PBXSourcesBuildPhase;
			buildActionMask = 2147483647;
			files = (
				B33BC073258E4C4100E88AB4 /* PassDataWithSegueUITests.swift in Sources */,
			);
			runOnlyForDeploymentPostprocessing = 0;
		};
/* End PBXSourcesBuildPhase section */

/* Begin PBXTargetDependency section */
		B33BC065258E4C4100E88AB4 /* PBXTargetDependency */ = {
			isa = PBXTargetDependency;
			target = B33BC04C258E4C3D00E88AB4 /* PassDataWithSegue */;
			targetProxy = B33BC064258E4C4100E88AB4 /* PBXContainerItemProxy */;
		};
		B33BC070258E4C4100E88AB4 /* PBXTargetDependency */ = {
			isa = PBXTargetDependency;
			target = B33BC04C258E4C3D00E88AB4 /* PassDataWithSegue */;
			targetProxy = B33BC06F258E4C4100E88AB4 /* PBXContainerItemProxy */;
		};
/* End PBXTargetDependency section */

/* Begin PBXVariantGroup section */
		B33BC056258E4C3D00E88AB4 /* Main.storyboard */ = {
			isa = PBXVariantGroup;
			children = (
				B33BC057258E4C3D00E88AB4 /* Base */,
			);
			name = Main.storyboard;
			sourceTree = "<group>";
		};
		B33BC05B258E4C4000E88AB4 /* LaunchScreen.storyboard */ = {
			isa = PBXVariantGroup;
			children = (
				B33BC05C258E4C4000E88AB4 /* Base */,
			);
			name = LaunchScreen.storyboard;
			sourceTree = "<group>";
		};
/* End PBXVariantGroup section */

/* Begin XCBuildConfiguration section */
		B33BC075258E4C4100E88AB4 /* Debug */ = {
			isa = XCBuildConfiguration;
			buildSettings = {
				ALWAYS_SEARCH_USER_PATHS = NO;
				CLANG_ANALYZER_NONNULL = YES;
				CLANG_ANALYZER_NUMBER_OBJECT_CONVERSION = YES_AGGRESSIVE;
				CLANG_CXX_LANGUAGE_STANDARD = "gnu++14";
				CLANG_CXX_LIBRARY = "libc++";
				CLANG_ENABLE_MODULES = YES;
				CLANG_ENABLE_OBJC_ARC = YES;
				CLANG_ENABLE_OBJC_WEAK = YES;
				CLANG_WARN_BLOCK_CAPTURE_AUTORELEASING = YES;
				CLANG_WARN_BOOL_CONVERSION = YES;
				CLANG_WARN_COMMA = YES;
				CLANG_WARN_CONSTANT_CONVERSION = YES;
				CLANG_WARN_DEPRECATED_OBJC_IMPLEMENTATIONS = YES;
				CLANG_WARN_DIRECT_OBJC_ISA_USAGE = YES_ERROR;
				CLANG_WARN_DOCUMENTATION_COMMENTS = YES;
				CLANG_WARN_EMPTY_BODY = YES;
				CLANG_WARN_ENUM_CONVERSION = YES;
				CLANG_WARN_INFINITE_RECURSION = YES;
				CLANG_WARN_INT_CONVERSION = YES;
				CLANG_WARN_NON_LITERAL_NULL_CONVERSION = YES;
				CLANG_WARN_OBJC_IMPLICIT_RETAIN_SELF = YES;
				CLANG_WARN_OBJC_LITERAL_CONVERSION = YES;
				CLANG_WARN_OBJC_ROOT_CLASS = YES_ERROR;
				CLANG_WARN_QUOTED_INCLUDE_IN_FRAMEWORK_HEADER = YES;
				CLANG_WARN_RANGE_LOOP_ANALYSIS = YES;
				CLANG_WARN_STRICT_PROTOTYPES = YES;
				CLANG_WARN_SUSPICIOUS_MOVE = YES;
				CLANG_WARN_UNGUARDED_AVAILABILITY = YES_AGGRESSIVE;
				CLANG_WARN_UNREACHABLE_CODE = YES;
				CLANG_WARN__DUPLICATE_METHOD_MATCH = YES;
				COPY_PHASE_STRIP = NO;
				DEBUG_INFORMATION_FORMAT = dwarf;
				ENABLE_STRICT_OBJC_MSGSEND = YES;
				ENABLE_TESTABILITY = YES;
				GCC_C_LANGUAGE_STANDARD = gnu11;
				GCC_DYNAMIC_NO_PIC = NO;
				GCC_NO_COMMON_BLOCKS = YES;
				GCC_OPTIMIZATION_LEVEL = 0;
				GCC_PREPROCESSOR_DEFINITIONS = (
					"DEBUG=1",
					"$(inherited)",
				);
				GCC_WARN_64_TO_32_BIT_CONVERSION = YES;
				GCC_WARN_ABOUT_RETURN_TYPE = YES_ERROR;
				GCC_WARN_UNDECLARED_SELECTOR = YES;
				GCC_WARN_UNINITIALIZED_AUTOS = YES_AGGRESSIVE;
				GCC_WARN_UNUSED_FUNCTION = YES;
				GCC_WARN_UNUSED_VARIABLE = YES;
				IPHONEOS_DEPLOYMENT_TARGET = 14.2;
				MTL_ENABLE_DEBUG_INFO = INCLUDE_SOURCE;
				MTL_FAST_MATH = YES;
				ONLY_ACTIVE_ARCH = YES;
				SDKROOT = iphoneos;
				SWIFT_ACTIVE_COMPILATION_CONDITIONS = DEBUG;
				SWIFT_OPTIMIZATION_LEVEL = "-Onone";
			};
			name = Debug;
		};
		B33BC076258E4C4100E88AB4 /* Release */ = {
			isa = XCBuildConfiguration;
			buildSettings = {
				ALWAYS_SEARCH_USER_PATHS = NO;
				CLANG_ANALYZER_NONNULL = YES;
				CLANG_ANALYZER_NUMBER_OBJECT_CONVERSION = YES_AGGRESSIVE;
				CLANG_CXX_LANGUAGE_STANDARD = "gnu++14";
				CLANG_CXX_LIBRARY = "libc++";
				CLANG_ENABLE_MODULES = YES;
				CLANG_ENABLE_OBJC_ARC = YES;
				CLANG_ENABLE_OBJC_WEAK = YES;
				CLANG_WARN_BLOCK_CAPTURE_AUTORELEASING = YES;
				CLANG_WARN_BOOL_CONVERSION = YES;
				CLANG_WARN_COMMA = YES;
				CLANG_WARN_CONSTANT_CONVERSION = YES;
				CLANG_WARN_DEPRECATED_OBJC_IMPLEMENTATIONS = YES;
				CLANG_WARN_DIRECT_OBJC_ISA_USAGE = YES_ERROR;
				CLANG_WARN_DOCUMENTATION_COMMENTS = YES;
				CLANG_WARN_EMPTY_BODY = YES;
				CLANG_WARN_ENUM_CONVERSION = YES;
				CLANG_WARN_INFINITE_RECURSION = YES;
				CLANG_WARN_INT_CONVERSION = YES;
				CLANG_WARN_NON_LITERAL_NULL_CONVERSION = YES;
				CLANG_WARN_OBJC_IMPLICIT_RETAIN_SELF = YES;
				CLANG_WARN_OBJC_LITERAL_CONVERSION = YES;
				CLANG_WARN_OBJC_ROOT_CLASS = YES_ERROR;
				CLANG_WARN_QUOTED_INCLUDE_IN_FRAMEWORK_HEADER = YES;
				CLANG_WARN_RANGE_LOOP_ANALYSIS = YES;
				CLANG_WARN_STRICT_PROTOTYPES = YES;
				CLANG_WARN_SUSPICIOUS_MOVE = YES;
				CLANG_WARN_UNGUARDED_AVAILABILITY = YES_AGGRESSIVE;
				CLANG_WARN_UNREACHABLE_CODE = YES;
				CLANG_WARN__DUPLICATE_METHOD_MATCH = YES;
				COPY_PHASE_STRIP = NO;
				DEBUG_INFORMATION_FORMAT = "dwarf-with-dsym";
				ENABLE_NS_ASSERTIONS = NO;
				ENABLE_STRICT_OBJC_MSGSEND = YES;
				GCC_C_LANGUAGE_STANDARD = gnu11;
				GCC_NO_COMMON_BLOCKS = YES;
				GCC_WARN_64_TO_32_BIT_CONVERSION = YES;
				GCC_WARN_ABOUT_RETURN_TYPE = YES_ERROR;
				GCC_WARN_UNDECLARED_SELECTOR = YES;
				GCC_WARN_UNINITIALIZED_AUTOS = YES_AGGRESSIVE;
				GCC_WARN_UNUSED_FUNCTION = YES;
				GCC_WARN_UNUSED_VARIABLE = YES;
				IPHONEOS_DEPLOYMENT_TARGET = 14.2;
				MTL_ENABLE_DEBUG_INFO = NO;
				MTL_FAST_MATH = YES;
				SDKROOT = iphoneos;
				SWIFT_COMPILATION_MODE = wholemodule;
				SWIFT_OPTIMIZATION_LEVEL = "-O";
				VALIDATE_PRODUCT = YES;
			};
			name = Release;
		};
		B33BC078258E4C4100E88AB4 /* Debug */ = {
			isa = XCBuildConfiguration;
			buildSettings = {
				ASSETCATALOG_COMPILER_APPICON_NAME = AppIcon;
				ASSETCATALOG_COMPILER_GLOBAL_ACCENT_COLOR_NAME = AccentColor;
				CODE_SIGN_STYLE = Automatic;
				INFOPLIST_FILE = PassDataWithSegue/Info.plist;
				LD_RUNPATH_SEARCH_PATHS = (
					"$(inherited)",
					"@executable_path/Frameworks",
				);
				PRODUCT_BUNDLE_IDENTIFIER = com.briggittemartinez.PassDataWithSegue;
				PRODUCT_NAME = "$(TARGET_NAME)";
				SWIFT_VERSION = 5.0;
				TARGETED_DEVICE_FAMILY = "1,2";
			};
			name = Debug;
		};
		B33BC079258E4C4100E88AB4 /* Release */ = {
			isa = XCBuildConfiguration;
			buildSettings = {
				ASSETCATALOG_COMPILER_APPICON_NAME = AppIcon;
				ASSETCATALOG_COMPILER_GLOBAL_ACCENT_COLOR_NAME = AccentColor;
				CODE_SIGN_STYLE = Automatic;
				INFOPLIST_FILE = PassDataWithSegue/Info.plist;
				LD_RUNPATH_SEARCH_PATHS = (
					"$(inherited)",
					"@executable_path/Frameworks",
				);
				PRODUCT_BUNDLE_IDENTIFIER = com.briggittemartinez.PassDataWithSegue;
				PRODUCT_NAME = "$(TARGET_NAME)";
				SWIFT_VERSION = 5.0;
				TARGETED_DEVICE_FAMILY = "1,2";
			};
			name = Release;
		};
		B33BC07B258E4C4100E88AB4 /* Debug */ = {
			isa = XCBuildConfiguration;
			buildSettings = {
				ALWAYS_EMBED_SWIFT_STANDARD_LIBRARIES = YES;
				BUNDLE_LOADER = "$(TEST_HOST)";
				CODE_SIGN_STYLE = Automatic;
				INFOPLIST_FILE = PassDataWithSegueTests/Info.plist;
				IPHONEOS_DEPLOYMENT_TARGET = 14.2;
				LD_RUNPATH_SEARCH_PATHS = (
					"$(inherited)",
					"@executable_path/Frameworks",
					"@loader_path/Frameworks",
				);
				PRODUCT_BUNDLE_IDENTIFIER = com.briggittemartinez.PassDataWithSegueTests;
				PRODUCT_NAME = "$(TARGET_NAME)";
				SWIFT_VERSION = 5.0;
				TARGETED_DEVICE_FAMILY = "1,2";
				TEST_HOST = "$(BUILT_PRODUCTS_DIR)/PassDataWithSegue.app/PassDataWithSegue";
			};
			name = Debug;
		};
		B33BC07C258E4C4100E88AB4 /* Release */ = {
			isa = XCBuildConfiguration;
			buildSettings = {
				ALWAYS_EMBED_SWIFT_STANDARD_LIBRARIES = YES;
				BUNDLE_LOADER = "$(TEST_HOST)";
				CODE_SIGN_STYLE = Automatic;
				INFOPLIST_FILE = PassDataWithSegueTests/Info.plist;
				IPHONEOS_DEPLOYMENT_TARGET = 14.2;
				LD_RUNPATH_SEARCH_PATHS = (
					"$(inherited)",
					"@executable_path/Frameworks",
					"@loader_path/Frameworks",
				);
				PRODUCT_BUNDLE_IDENTIFIER = com.briggittemartinez.PassDataWithSegueTests;
				PRODUCT_NAME = "$(TARGET_NAME)";
				SWIFT_VERSION = 5.0;
				TARGETED_DEVICE_FAMILY = "1,2";
				TEST_HOST = "$(BUILT_PRODUCTS_DIR)/PassDataWithSegue.app/PassDataWithSegue";
			};
			name = Release;
		};
		B33BC07E258E4C4100E88AB4 /* Debug */ = {
			isa = XCBuildConfiguration;
			buildSettings = {
				ALWAYS_EMBED_SWIFT_STANDARD_LIBRARIES = YES;
				CODE_SIGN_STYLE = Automatic;
				INFOPLIST_FILE = PassDataWithSegueUITests/Info.plist;
				LD_RUNPATH_SEARCH_PATHS = (
					"$(inherited)",
					"@executable_path/Frameworks",
					"@loader_path/Frameworks",
				);
				PRODUCT_BUNDLE_IDENTIFIER = com.briggittemartinez.PassDataWithSegueUITests;
				PRODUCT_NAME = "$(TARGET_NAME)";
				SWIFT_VERSION = 5.0;
				TARGETED_DEVICE_FAMILY = "1,2";
				TEST_TARGET_NAME = PassDataWithSegue;
			};
			name = Debug;
		};
		B33BC07F258E4C4100E88AB4 /* Release */ = {
			isa = XCBuildConfiguration;
			buildSettings = {
				ALWAYS_EMBED_SWIFT_STANDARD_LIBRARIES = YES;
				CODE_SIGN_STYLE = Automatic;
				INFOPLIST_FILE = PassDataWithSegueUITests/Info.plist;
				LD_RUNPATH_SEARCH_PATHS = (
					"$(inherited)",
					"@executable_path/Frameworks",
					"@loader_path/Frameworks",
				);
				PRODUCT_BUNDLE_IDENTIFIER = com.briggittemartinez.PassDataWithSegueUITests;
				PRODUCT_NAME = "$(TARGET_NAME)";
				SWIFT_VERSION = 5.0;
				TARGETED_DEVICE_FAMILY = "1,2";
				TEST_TARGET_NAME = PassDataWithSegue;
			};
			name = Release;
		};
/* End XCBuildConfiguration section */

/* Begin XCConfigurationList section */
		B33BC048258E4C3D00E88AB4 /* Build configuration list for PBXProject "PassDataWithSegue" */ = {
			isa = XCConfigurationList;
			buildConfigurations = (
				B33BC075258E4C4100E88AB4 /* Debug */,
				B33BC076258E4C4100E88AB4 /* Release */,
			);
			defaultConfigurationIsVisible = 0;
			defaultConfigurationName = Release;
		};
		B33BC077258E4C4100E88AB4 /* Build configuration list for PBXNativeTarget "PassDataWithSegue" */ = {
			isa = XCConfigurationList;
			buildConfigurations = (
				B33BC078258E4C4100E88AB4 /* Debug */,
				B33BC079258E4C4100E88AB4 /* Release */,
			);
			defaultConfigurationIsVisible = 0;
			defaultConfigurationName = Release;
		};
		B33BC07A258E4C4100E88AB4 /* Build configuration list for PBXNativeTarget "PassDataWithSegueTests" */ = {
			isa = XCConfigurationList;
			buildConfigurations = (
				B33BC07B258E4C4100E88AB4 /* Debug */,
				B33BC07C258E4C4100E88AB4 /* Release */,
			);
			defaultConfigurationIsVisible = 0;
			defaultConfigurationName = Release;
		};
		B33BC07D258E4C4100E88AB4 /* Build configuration list for PBXNativeTarget "PassDataWithSegueUITests" */ = {
			isa = XCConfigurationList;
			buildConfigurations = (
				B33BC07E258E4C4100E88AB4 /* Debug */,
				B33BC07F258E4C4100E88AB4 /* Release */,
			);
			defaultConfigurationIsVisible = 0;
			defaultConfigurationName = Release;
		};
/* End XCConfigurationList section */
	};
	rootObject = B33BC045258E4C3D00E88AB4 /* Project object */;
}
